
Microsoft Visual Studio Solution File, Format Version 12.00
# Visual Studio Version 16
VisualStudioVersion = 16.0.29025.244
MinimumVisualStudioVersion = 10.0.40219.1
Project("{FAE04EC0-301F-11D3-BF4B-00C04F79EFBC}") = "FizzBuzz", "FizzBuzz\FizzBuzz.csproj", "{A3990A7E-8116-4DA8-9C77-7BB84F1DFEBA}"
EndProject
Project("{FAE04EC0-301F-11D3-BF4B-00C04F79EFBC}") = "FizzBuzzTests", "FizzBuzzTests\FizzBuzzTests.csproj", "{15F40A34-F99A-4FF9-9CC3-93EE838539E3}"
EndProject
Global
	GlobalSection(SolutionConfigurationPlatforms) = preSolution
		Debug|Any CPU = Debug|Any CPU
		Release|Any CPU = Release|Any CPU
	EndGlobalSection
	GlobalSection(ProjectConfigurationPlatforms) = postSolution
		{A3990A7E-8116-4DA8-9C77-7BB84F1DFEBA}.Debug|Any CPU.ActiveCfg = Debug|Any CPU
		{A3990A7E-8116-4DA8-9C77-7BB84F1DFEBA}.Debug|Any CPU.Build.0 = Debug|Any CPU
		{A3990A7E-8116-4DA8-9C77-7BB84F1DFEBA}.Release|Any CPU.ActiveCfg = Release|Any CPU
		{A3990A7E-8116-4DA8-9C77-7BB84F1DFEBA}.Release|Any CPU.Build.0 = Release|Any CPU
		{15F40A34-F99A-4FF9-9CC3-93EE838539E3}.Debug|Any CPU.ActiveCfg = Debug|Any CPU
		{15F40A34-F99A-4FF9-9CC3-93EE838539E3}.Debug|Any CPU.Build.0 = Debug|Any CPU
		{15F40A34-F99A-4FF9-9CC3-93EE838539E3}.Release|Any CPU.ActiveCfg = Release|Any CPU
		{15F40A34-F99A-4FF9-9CC3-93EE838539E3}.Release|Any CPU.Build.0 = Release|Any CPU
	EndGlobalSection
	GlobalSection(SolutionProperties) = preSolution
		HideSolutionNode = FALSE
	EndGlobalSection
	GlobalSection(ExtensibilityGlobals) = postSolution
		SolutionGuid = {5BD5072C-FADB-4991-8E63-8820860DC9EA}
	EndGlobalSection
EndGlobal
